
Microsoft Visual Studio Solution File, Format Version 12.00
# Visual Studio Version 16
VisualStudioVersion = 16.0.31129.286
MinimumVisualStudioVersion = 10.0.40219.1
Project("{FAE04EC0-301F-11D3-BF4B-00C04F79EFBC}") = "PatchedPKGGen", "PatchedPKGGen.csproj", "{EC4F5B56-80FE-4D79-B63C-4BD740F5EA0D}"
EndProject
Project("{FAE04EC0-301F-11D3-BF4B-00C04F79EFBC}") = "ShrineFox.IO", "..\ShrineFox.io\ShrineFox.io\ShrineFox.IO.csproj", "{7640412A-7372-4925-B20C-0178D8818A8F}"
EndProject
Global
	GlobalSection(SolutionConfigurationPlatforms) = preSolution
		Debug|Any CPU = Debug|Any CPU
		Release|Any CPU = Release|Any CPU
	EndGlobalSection
	GlobalSection(ProjectConfigurationPlatforms) = postSolution
		{EC4F5B56-80FE-4D79-B63C-4BD740F5EA0D}.Debug|Any CPU.ActiveCfg = Debug|Any CPU
		{EC4F5B56-80FE-4D79-B63C-4BD740F5EA0D}.Debug|Any CPU.Build.0 = Debug|Any CPU
		{EC4F5B56-80FE-4D79-B63C-4BD740F5EA0D}.Release|Any CPU.ActiveCfg = Release|Any CPU
		{EC4F5B56-80FE-4D79-B63C-4BD740F5EA0D}.Release|Any CPU.Build.0 = Release|Any CPU
		{7640412A-7372-4925-B20C-0178D8818A8F}.Debug|Any CPU.ActiveCfg = Debug|Any CPU
		{7640412A-7372-4925-B20C-0178D8818A8F}.Debug|Any CPU.Build.0 = Debug|Any CPU
		{7640412A-7372-4925-B20C-0178D8818A8F}.Release|Any CPU.ActiveCfg = Release|Any CPU
		{7640412A-7372-4925-B20C-0178D8818A8F}.Release|Any CPU.Build.0 = Release|Any CPU
	EndGlobalSection
	GlobalSection(SolutionProperties) = preSolution
		HideSolutionNode = FALSE
	EndGlobalSection
	GlobalSection(ExtensibilityGlobals) = postSolution
		SolutionGuid = {232A22D5-DC38-47F3-8B4B-99809B9481EE}
	EndGlobalSection
EndGlobal
